
Microsoft Visual Studio Solution File, Format Version 12.00
# Visual Studio 2015
Project("{FAE04EC0-301F-11D3-BF4B-00C04F79EFBC}") = "CARDO.Plugins", "CARDO.Plugins.csproj", "{43C42BDD-AA64-B887-02C8-9400925BF05F}"
EndProject
Project("{FAE04EC0-301F-11D3-BF4B-00C04F79EFBC}") = "CARDO", "CARDO.csproj", "{B56775E0-121B-6BA8-FB62-4C83109E53AB}"
EndProject
Project("{FAE04EC0-301F-11D3-BF4B-00C04F79EFBC}") = "CARDO.Editor", "CARDO.Editor.csproj", "{C463B6D3-4B07-7B68-D8FD-1DF0266BD908}"
EndProject
Global
	GlobalSection(SolutionConfigurationPlatforms) = preSolution
		Debug|Any CPU = Debug|Any CPU
		Release|Any CPU = Release|Any CPU
	EndGlobalSection
	GlobalSection(ProjectConfigurationPlatforms) = postSolution
		{43C42BDD-AA64-B887-02C8-9400925BF05F}.Debug|Any CPU.ActiveCfg = Debug|Any CPU
		{43C42BDD-AA64-B887-02C8-9400925BF05F}.Debug|Any CPU.Build.0 = Debug|Any CPU
		{43C42BDD-AA64-B887-02C8-9400925BF05F}.Release|Any CPU.ActiveCfg = Release|Any CPU
		{43C42BDD-AA64-B887-02C8-9400925BF05F}.Release|Any CPU.Build.0 = Release|Any CPU
		{B56775E0-121B-6BA8-FB62-4C83109E53AB}.Debug|Any CPU.ActiveCfg = Debug|Any CPU
		{B56775E0-121B-6BA8-FB62-4C83109E53AB}.Debug|Any CPU.Build.0 = Debug|Any CPU
		{B56775E0-121B-6BA8-FB62-4C83109E53AB}.Release|Any CPU.ActiveCfg = Release|Any CPU
		{B56775E0-121B-6BA8-FB62-4C83109E53AB}.Release|Any CPU.Build.0 = Release|Any CPU
		{C463B6D3-4B07-7B68-D8FD-1DF0266BD908}.Debug|Any CPU.ActiveCfg = Debug|Any CPU
		{C463B6D3-4B07-7B68-D8FD-1DF0266BD908}.Debug|Any CPU.Build.0 = Debug|Any CPU
		{C463B6D3-4B07-7B68-D8FD-1DF0266BD908}.Release|Any CPU.ActiveCfg = Release|Any CPU
		{C463B6D3-4B07-7B68-D8FD-1DF0266BD908}.Release|Any CPU.Build.0 = Release|Any CPU
	EndGlobalSection
	GlobalSection(SolutionProperties) = preSolution
		HideSolutionNode = FALSE
	EndGlobalSection
EndGlobal
